
Microsoft Visual Studio Solution File, Format Version 10.00
# Visual Studio 2008
Project("{FAE04EC0-301F-11D3-BF4B-00C04F79EFBC}") = "CassiniDev.Testing.SqlServer", "CassiniDev.Testing.SqlServer\CassiniDev.Testing.SqlServer.csproj", "{CD8843A3-E90B-405B-88AC-AF54D30A3FFC}"
EndProject
Project("{FAE04EC0-301F-11D3-BF4B-00C04F79EFBC}") = "CassiniDev-console", "CassiniDev-console\CassiniDev-console.csproj", "{539F0304-F14A-413F-A56A-AFB7724EA1A7}"
EndProject
Project("{FAE04EC0-301F-11D3-BF4B-00C04F79EFBC}") = "CassiniDev.CassiniSqlFixtureExamples.NUnit", "CassiniDev.CassiniSqlFixtureExamples.NUnit\CassiniDev.CassiniSqlFixtureExamples.NUnit.csproj", "{0FBF35B4-6728-4B64-A287-779978FAB34A}"
EndProject
Project("{FAE04EC0-301F-11D3-BF4B-00C04F79EFBC}") = "CassiniDev.CassiniSqlFixtureExamples.TestWeb", "CassiniDev.CassiniSqlFixtureExamples.TestWeb\CassiniDev.CassiniSqlFixtureExamples.TestWeb.csproj", "{92A1242D-5E4D-4510-AA51-862F22037BA2}"
EndProject
Project("{2150E333-8FDC-42A3-9474-1A3956D46DE8}") = "Lib", "Lib", "{F8601621-A696-4906-B299-58761D8B3019}"
EndProject
Global
	GlobalSection(SolutionConfigurationPlatforms) = preSolution
		Debug|Any CPU = Debug|Any CPU
		Release|Any CPU = Release|Any CPU
	EndGlobalSection
	GlobalSection(ProjectConfigurationPlatforms) = postSolution
		{CD8843A3-E90B-405B-88AC-AF54D30A3FFC}.Debug|Any CPU.ActiveCfg = Debug|Any CPU
		{CD8843A3-E90B-405B-88AC-AF54D30A3FFC}.Debug|Any CPU.Build.0 = Debug|Any CPU
		{CD8843A3-E90B-405B-88AC-AF54D30A3FFC}.Release|Any CPU.ActiveCfg = Release|Any CPU
		{CD8843A3-E90B-405B-88AC-AF54D30A3FFC}.Release|Any CPU.Build.0 = Release|Any CPU
		{539F0304-F14A-413F-A56A-AFB7724EA1A7}.Debug|Any CPU.ActiveCfg = Debug|Any CPU
		{539F0304-F14A-413F-A56A-AFB7724EA1A7}.Debug|Any CPU.Build.0 = Debug|Any CPU
		{539F0304-F14A-413F-A56A-AFB7724EA1A7}.Release|Any CPU.ActiveCfg = Release|Any CPU
		{539F0304-F14A-413F-A56A-AFB7724EA1A7}.Release|Any CPU.Build.0 = Release|Any CPU
		{0FBF35B4-6728-4B64-A287-779978FAB34A}.Debug|Any CPU.ActiveCfg = Debug|Any CPU
		{0FBF35B4-6728-4B64-A287-779978FAB34A}.Debug|Any CPU.Build.0 = Debug|Any CPU
		{0FBF35B4-6728-4B64-A287-779978FAB34A}.Release|Any CPU.ActiveCfg = Release|Any CPU
		{0FBF35B4-6728-4B64-A287-779978FAB34A}.Release|Any CPU.Build.0 = Release|Any CPU
		{92A1242D-5E4D-4510-AA51-862F22037BA2}.Debug|Any CPU.ActiveCfg = Debug|Any CPU
		{92A1242D-5E4D-4510-AA51-862F22037BA2}.Debug|Any CPU.Build.0 = Debug|Any CPU
		{92A1242D-5E4D-4510-AA51-862F22037BA2}.Release|Any CPU.ActiveCfg = Release|Any CPU
		{92A1242D-5E4D-4510-AA51-862F22037BA2}.Release|Any CPU.Build.0 = Release|Any CPU
	EndGlobalSection
	GlobalSection(SolutionProperties) = preSolution
		HideSolutionNode = FALSE
	EndGlobalSection
	GlobalSection(NestedProjects) = preSolution
		{539F0304-F14A-413F-A56A-AFB7724EA1A7} = {F8601621-A696-4906-B299-58761D8B3019}
		{CD8843A3-E90B-405B-88AC-AF54D30A3FFC} = {F8601621-A696-4906-B299-58761D8B3019}
	EndGlobalSection
EndGlobal
